
Microsoft Visual Studio Solution File, Format Version 12.00
# Visual Studio Version 16
VisualStudioVersion = 16.0.29123.88
MinimumVisualStudioVersion = 10.0.40219.1
Project("{FAE04EC0-301F-11D3-BF4B-00C04F79EFBC}") = "BaoTaApi", "BaoTaApi.csproj", "{3580733D-D783-48D9-90E2-CC142E2A111A}"
EndProject
Global
	GlobalSection(SolutionConfigurationPlatforms) = preSolution
		Debug|Any CPU = Debug|Any CPU
		Release|Any CPU = Release|Any CPU
	EndGlobalSection
	GlobalSection(ProjectConfigurationPlatforms) = postSolution
		{3580733D-D783-48D9-90E2-CC142E2A111A}.Debug|Any CPU.ActiveCfg = Debug|Any CPU
		{3580733D-D783-48D9-90E2-CC142E2A111A}.Debug|Any CPU.Build.0 = Debug|Any CPU
		{3580733D-D783-48D9-90E2-CC142E2A111A}.Release|Any CPU.ActiveCfg = Release|Any CPU
		{3580733D-D783-48D9-90E2-CC142E2A111A}.Release|Any CPU.Build.0 = Release|Any CPU
	EndGlobalSection
	GlobalSection(SolutionProperties) = preSolution
		HideSolutionNode = FALSE
	EndGlobalSection
	GlobalSection(ExtensibilityGlobals) = postSolution
		SolutionGuid = {168D968F-1268-4500-83EB-975E004F22F5}
	EndGlobalSection
EndGlobal
